
Microsoft Visual Studio Solution File, Format Version 12.00
Project("{2150E333-8FDC-42A3-9474-1A3956D46DE8}") = "Week1", "Week1", "{01477896-89C0-4FEB-A70E-BA6A006F2EAA}"
EndProject
Project("{FAE04EC0-301F-11D3-BF4B-00C04F79EFBC}") = "Ex3", "Ex3\Ex3.csproj", "{ABDCFD17-85B3-4C2F-9047-98C799AE5493}"
EndProject
Project("{FAE04EC0-301F-11D3-BF4B-00C04F79EFBC}") = "Ex4", "Ex4\Ex4.csproj", "{CE9A9D42-3F33-484D-8838-2C9817F300EB}"
EndProject
Project("{2150E333-8FDC-42A3-9474-1A3956D46DE8}") = "Random", "Random", "{E7C312C5-3EA2-4FD7-B14F-9998E8FA5431}"
EndProject
Project("{FAE04EC0-301F-11D3-BF4B-00C04F79EFBC}") = "Library", "Library\Library.csproj", "{FC216392-25AE-4900-AB22-77703E16B102}"
EndProject
Global
	GlobalSection(SolutionConfigurationPlatforms) = preSolution
		Debug|Any CPU = Debug|Any CPU
		Release|Any CPU = Release|Any CPU
	EndGlobalSection
	GlobalSection(ProjectConfigurationPlatforms) = postSolution
		{ABDCFD17-85B3-4C2F-9047-98C799AE5493}.Debug|Any CPU.ActiveCfg = Debug|Any CPU
		{ABDCFD17-85B3-4C2F-9047-98C799AE5493}.Debug|Any CPU.Build.0 = Debug|Any CPU
		{ABDCFD17-85B3-4C2F-9047-98C799AE5493}.Release|Any CPU.ActiveCfg = Release|Any CPU
		{ABDCFD17-85B3-4C2F-9047-98C799AE5493}.Release|Any CPU.Build.0 = Release|Any CPU
		{CE9A9D42-3F33-484D-8838-2C9817F300EB}.Debug|Any CPU.ActiveCfg = Debug|Any CPU
		{CE9A9D42-3F33-484D-8838-2C9817F300EB}.Debug|Any CPU.Build.0 = Debug|Any CPU
		{CE9A9D42-3F33-484D-8838-2C9817F300EB}.Release|Any CPU.ActiveCfg = Release|Any CPU
		{CE9A9D42-3F33-484D-8838-2C9817F300EB}.Release|Any CPU.Build.0 = Release|Any CPU
		{FC216392-25AE-4900-AB22-77703E16B102}.Debug|Any CPU.ActiveCfg = Debug|Any CPU
		{FC216392-25AE-4900-AB22-77703E16B102}.Debug|Any CPU.Build.0 = Debug|Any CPU
		{FC216392-25AE-4900-AB22-77703E16B102}.Release|Any CPU.ActiveCfg = Release|Any CPU
		{FC216392-25AE-4900-AB22-77703E16B102}.Release|Any CPU.Build.0 = Release|Any CPU
	EndGlobalSection
	GlobalSection(NestedProjects) = preSolution
		{ABDCFD17-85B3-4C2F-9047-98C799AE5493} = {01477896-89C0-4FEB-A70E-BA6A006F2EAA}
		{CE9A9D42-3F33-484D-8838-2C9817F300EB} = {01477896-89C0-4FEB-A70E-BA6A006F2EAA}
		{FC216392-25AE-4900-AB22-77703E16B102} = {E7C312C5-3EA2-4FD7-B14F-9998E8FA5431}
	EndGlobalSection
EndGlobal
